
Microsoft Visual Studio Solution File, Format Version 12.00
# Visual Studio Version 17
VisualStudioVersion = 17.6.33801.468
MinimumVisualStudioVersion = 10.0.40219.1
Project("{FAE04EC0-301F-11D3-BF4B-00C04F79EFBC}") = "RecapProject1", "RecapProject1\RecapProject1.csproj", "{5EA2DFF3-EF20-404F-A0A1-F62C314CB153}"
EndProject
Global
	GlobalSection(SolutionConfigurationPlatforms) = preSolution
		Debug|Any CPU = Debug|Any CPU
		Release|Any CPU = Release|Any CPU
	EndGlobalSection
	GlobalSection(ProjectConfigurationPlatforms) = postSolution
		{5EA2DFF3-EF20-404F-A0A1-F62C314CB153}.Debug|Any CPU.ActiveCfg = Debug|Any CPU
		{5EA2DFF3-EF20-404F-A0A1-F62C314CB153}.Debug|Any CPU.Build.0 = Debug|Any CPU
		{5EA2DFF3-EF20-404F-A0A1-F62C314CB153}.Release|Any CPU.ActiveCfg = Release|Any CPU
		{5EA2DFF3-EF20-404F-A0A1-F62C314CB153}.Release|Any CPU.Build.0 = Release|Any CPU
	EndGlobalSection
	GlobalSection(SolutionProperties) = preSolution
		HideSolutionNode = FALSE
	EndGlobalSection
	GlobalSection(ExtensibilityGlobals) = postSolution
		SolutionGuid = {7C77C200-909D-49E2-8317-A2EA8CA02786}
	EndGlobalSection
EndGlobal
