
Microsoft Visual Studio Solution File, Format Version 12.00
# Visual Studio Version 17
VisualStudioVersion = 17.6.33815.320
MinimumVisualStudioVersion = 10.0.40219.1
Project("{FAE04EC0-301F-11D3-BF4B-00C04F79EFBC}") = "hello_world_api_ui", "hello_world_api_ui\hello_world_api_ui.csproj", "{7BDCE50F-8D49-4D3F-AB7F-D266A571D213}"
EndProject
Project("{9A19103F-16F7-4668-BE54-9A1E7A4F7556}") = "hello_world_cli", "hello_world_cli\hello_world_cli.csproj", "{354FBBF7-90C8-40F0-87B6-7CA053CE06E1}"
EndProject
Project("{FAE04EC0-301F-11D3-BF4B-00C04F79EFBC}") = "HelloWebApi", "HelloWebApi\HelloWebApi.csproj", "{CBB41C69-E940-4EE3-B04A-D5B34F46127D}"
EndProject
Project("{FAE04EC0-301F-11D3-BF4B-00C04F79EFBC}") = "ProductApp", "ProductApp\ProductApp.csproj", "{26877E70-C413-4399-8408-76CB2BFCC7AD}"
EndProject
Project("{FAE04EC0-301F-11D3-BF4B-00C04F79EFBC}") = "bookDemo", "bookDemo\bookDemo.csproj", "{BC3329E9-4D60-4C5C-99B2-A9C2FFB1FD24}"
EndProject
Global
	GlobalSection(SolutionConfigurationPlatforms) = preSolution
		Debug|Any CPU = Debug|Any CPU
		Release|Any CPU = Release|Any CPU
	EndGlobalSection
	GlobalSection(ProjectConfigurationPlatforms) = postSolution
		{7BDCE50F-8D49-4D3F-AB7F-D266A571D213}.Debug|Any CPU.ActiveCfg = Debug|Any CPU
		{7BDCE50F-8D49-4D3F-AB7F-D266A571D213}.Debug|Any CPU.Build.0 = Debug|Any CPU
		{7BDCE50F-8D49-4D3F-AB7F-D266A571D213}.Release|Any CPU.ActiveCfg = Release|Any CPU
		{7BDCE50F-8D49-4D3F-AB7F-D266A571D213}.Release|Any CPU.Build.0 = Release|Any CPU
		{354FBBF7-90C8-40F0-87B6-7CA053CE06E1}.Debug|Any CPU.ActiveCfg = Debug|Any CPU
		{354FBBF7-90C8-40F0-87B6-7CA053CE06E1}.Debug|Any CPU.Build.0 = Debug|Any CPU
		{354FBBF7-90C8-40F0-87B6-7CA053CE06E1}.Release|Any CPU.ActiveCfg = Release|Any CPU
		{354FBBF7-90C8-40F0-87B6-7CA053CE06E1}.Release|Any CPU.Build.0 = Release|Any CPU
		{CBB41C69-E940-4EE3-B04A-D5B34F46127D}.Debug|Any CPU.ActiveCfg = Debug|Any CPU
		{CBB41C69-E940-4EE3-B04A-D5B34F46127D}.Debug|Any CPU.Build.0 = Debug|Any CPU
		{CBB41C69-E940-4EE3-B04A-D5B34F46127D}.Release|Any CPU.ActiveCfg = Release|Any CPU
		{CBB41C69-E940-4EE3-B04A-D5B34F46127D}.Release|Any CPU.Build.0 = Release|Any CPU
		{26877E70-C413-4399-8408-76CB2BFCC7AD}.Debug|Any CPU.ActiveCfg = Debug|Any CPU
		{26877E70-C413-4399-8408-76CB2BFCC7AD}.Debug|Any CPU.Build.0 = Debug|Any CPU
		{26877E70-C413-4399-8408-76CB2BFCC7AD}.Release|Any CPU.ActiveCfg = Release|Any CPU
		{26877E70-C413-4399-8408-76CB2BFCC7AD}.Release|Any CPU.Build.0 = Release|Any CPU
		{BC3329E9-4D60-4C5C-99B2-A9C2FFB1FD24}.Debug|Any CPU.ActiveCfg = Debug|Any CPU
		{BC3329E9-4D60-4C5C-99B2-A9C2FFB1FD24}.Debug|Any CPU.Build.0 = Debug|Any CPU
		{BC3329E9-4D60-4C5C-99B2-A9C2FFB1FD24}.Release|Any CPU.ActiveCfg = Release|Any CPU
		{BC3329E9-4D60-4C5C-99B2-A9C2FFB1FD24}.Release|Any CPU.Build.0 = Release|Any CPU
	EndGlobalSection
	GlobalSection(SolutionProperties) = preSolution
		HideSolutionNode = FALSE
	EndGlobalSection
	GlobalSection(ExtensibilityGlobals) = postSolution
		SolutionGuid = {8CB87582-86CC-4480-ADB0-6CE9D040F302}
	EndGlobalSection
EndGlobal
