
Microsoft Visual Studio Solution File, Format Version 12.00
# Visual Studio Version 17
VisualStudioVersion = 17.0.31903.59
MinimumVisualStudioVersion = 10.0.40219.1
Project("{9A19103F-16F7-4668-BE54-9A1E7A4F7556}") = "WebApi", "WebApi\WebApi.csproj", "{6CBBD548-4BBB-456A-AE4E-A8D3711B705B}"
EndProject
Project("{FAE04EC0-301F-11D3-BF4B-00C04F79EFBC}") = "Entities", "Entities\Entities.csproj", "{12CF5999-1F68-4AE8-AB6C-AC8AC9DEB9AA}"
EndProject
Project("{FAE04EC0-301F-11D3-BF4B-00C04F79EFBC}") = "Repositories", "Repositories\Repositories.csproj", "{6D7A2A9A-B84D-48DE-8B3B-71510299F3D2}"
EndProject
Project("{FAE04EC0-301F-11D3-BF4B-00C04F79EFBC}") = "Services", "Services\Services.csproj", "{4F45A579-9C76-45CB-B5B2-305E081E6DE6}"
EndProject
Project("{FAE04EC0-301F-11D3-BF4B-00C04F79EFBC}") = "Presentation", "Presentation\Presentation.csproj", "{C2EF00F9-738F-4FCD-A024-6636DFA05A4E}"
EndProject
Global
	GlobalSection(SolutionConfigurationPlatforms) = preSolution
		Debug|Any CPU = Debug|Any CPU
		Release|Any CPU = Release|Any CPU
	EndGlobalSection
	GlobalSection(ProjectConfigurationPlatforms) = postSolution
		{6CBBD548-4BBB-456A-AE4E-A8D3711B705B}.Debug|Any CPU.ActiveCfg = Debug|Any CPU
		{6CBBD548-4BBB-456A-AE4E-A8D3711B705B}.Debug|Any CPU.Build.0 = Debug|Any CPU
		{6CBBD548-4BBB-456A-AE4E-A8D3711B705B}.Release|Any CPU.ActiveCfg = Release|Any CPU
		{6CBBD548-4BBB-456A-AE4E-A8D3711B705B}.Release|Any CPU.Build.0 = Release|Any CPU
		{12CF5999-1F68-4AE8-AB6C-AC8AC9DEB9AA}.Debug|Any CPU.ActiveCfg = Debug|Any CPU
		{12CF5999-1F68-4AE8-AB6C-AC8AC9DEB9AA}.Debug|Any CPU.Build.0 = Debug|Any CPU
		{12CF5999-1F68-4AE8-AB6C-AC8AC9DEB9AA}.Release|Any CPU.ActiveCfg = Release|Any CPU
		{12CF5999-1F68-4AE8-AB6C-AC8AC9DEB9AA}.Release|Any CPU.Build.0 = Release|Any CPU
		{6D7A2A9A-B84D-48DE-8B3B-71510299F3D2}.Debug|Any CPU.ActiveCfg = Debug|Any CPU
		{6D7A2A9A-B84D-48DE-8B3B-71510299F3D2}.Debug|Any CPU.Build.0 = Debug|Any CPU
		{6D7A2A9A-B84D-48DE-8B3B-71510299F3D2}.Release|Any CPU.ActiveCfg = Release|Any CPU
		{6D7A2A9A-B84D-48DE-8B3B-71510299F3D2}.Release|Any CPU.Build.0 = Release|Any CPU
		{4F45A579-9C76-45CB-B5B2-305E081E6DE6}.Debug|Any CPU.ActiveCfg = Debug|Any CPU
		{4F45A579-9C76-45CB-B5B2-305E081E6DE6}.Debug|Any CPU.Build.0 = Debug|Any CPU
		{4F45A579-9C76-45CB-B5B2-305E081E6DE6}.Release|Any CPU.ActiveCfg = Release|Any CPU
		{4F45A579-9C76-45CB-B5B2-305E081E6DE6}.Release|Any CPU.Build.0 = Release|Any CPU
		{C2EF00F9-738F-4FCD-A024-6636DFA05A4E}.Debug|Any CPU.ActiveCfg = Debug|Any CPU
		{C2EF00F9-738F-4FCD-A024-6636DFA05A4E}.Debug|Any CPU.Build.0 = Debug|Any CPU
		{C2EF00F9-738F-4FCD-A024-6636DFA05A4E}.Release|Any CPU.ActiveCfg = Release|Any CPU
		{C2EF00F9-738F-4FCD-A024-6636DFA05A4E}.Release|Any CPU.Build.0 = Release|Any CPU
	EndGlobalSection
	GlobalSection(SolutionProperties) = preSolution
		HideSolutionNode = FALSE
	EndGlobalSection
	GlobalSection(ExtensibilityGlobals) = postSolution
		SolutionGuid = {7693905C-162D-436B-8ACC-B75E66FEB3D0}
	EndGlobalSection
EndGlobal
