
Microsoft Visual Studio Solution File, Format Version 12.00
# Visual Studio Version 17
VisualStudioVersion = 17.5.001.0
MinimumVisualStudioVersion = 10.0.40219.1
Project("{9A19103F-16F7-4668-BE54-9A1E7A4F7556}") = "Basics", "Basics.csproj", "{74F9B9E0-81FF-42FD-8CE5-21AC1EF07F50}"
EndProject
Global
	GlobalSection(SolutionConfigurationPlatforms) = preSolution
		Debug|Any CPU = Debug|Any CPU
		Release|Any CPU = Release|Any CPU
	EndGlobalSection
	GlobalSection(ProjectConfigurationPlatforms) = postSolution
		{74F9B9E0-81FF-42FD-8CE5-21AC1EF07F50}.Debug|Any CPU.ActiveCfg = Debug|Any CPU
		{74F9B9E0-81FF-42FD-8CE5-21AC1EF07F50}.Debug|Any CPU.Build.0 = Debug|Any CPU
		{74F9B9E0-81FF-42FD-8CE5-21AC1EF07F50}.Release|Any CPU.ActiveCfg = Release|Any CPU
		{74F9B9E0-81FF-42FD-8CE5-21AC1EF07F50}.Release|Any CPU.Build.0 = Release|Any CPU
	EndGlobalSection
	GlobalSection(SolutionProperties) = preSolution
		HideSolutionNode = FALSE
	EndGlobalSection
	GlobalSection(ExtensibilityGlobals) = postSolution
		SolutionGuid = {B42A2B0D-9015-4DF9-BBE2-7B2EB4FA526D}
	EndGlobalSection
EndGlobal
